
Microsoft Visual Studio Solution File, Format Version 12.00
# Visual Studio Version 16
VisualStudioVersion = 16.0.30114.105
MinimumVisualStudioVersion = 10.0.40219.1
Project("{FAE04EC0-301F-11D3-BF4B-00C04F79EFBC}") = "e-Teretana", "e-Teretana.csproj", "{84348AC6-333A-46EC-A2D0-F6AD40AE2003}"
EndProject
Global
	GlobalSection(SolutionConfigurationPlatforms) = preSolution
		Debug|Any CPU = Debug|Any CPU
		Release|Any CPU = Release|Any CPU
	EndGlobalSection
	GlobalSection(ProjectConfigurationPlatforms) = postSolution
		{84348AC6-333A-46EC-A2D0-F6AD40AE2003}.Debug|Any CPU.ActiveCfg = Debug|Any CPU
		{84348AC6-333A-46EC-A2D0-F6AD40AE2003}.Debug|Any CPU.Build.0 = Debug|Any CPU
		{84348AC6-333A-46EC-A2D0-F6AD40AE2003}.Release|Any CPU.ActiveCfg = Release|Any CPU
		{84348AC6-333A-46EC-A2D0-F6AD40AE2003}.Release|Any CPU.Build.0 = Release|Any CPU
	EndGlobalSection
	GlobalSection(SolutionProperties) = preSolution
		HideSolutionNode = FALSE
	EndGlobalSection
	GlobalSection(ExtensibilityGlobals) = postSolution
		SolutionGuid = {ED6EE5B8-1A90-40B1-982B-9D1C5949D718}
	EndGlobalSection
EndGlobal
